
Microsoft Visual Studio Solution File, Format Version 12.00
# Visual Studio 14
VisualStudioVersion = 14.0.24720.0
MinimumVisualStudioVersion = 10.0.40219.1
Project("{FAE04EC0-301F-11D3-BF4B-00C04F79EFBC}") = "FbPlot", "FbPlot\FbPlot.csproj", "{724759AB-A102-4B20-95F1-BEC95A90C544}"
EndProject
Project("{FAE04EC0-301F-11D3-BF4B-00C04F79EFBC}") = "FbPlot.Tests", "FbPlot.Tests\FbPlot.Tests.csproj", "{35406193-AF8B-4748-8218-B33B7F771347}"
EndProject
Global
	GlobalSection(SolutionConfigurationPlatforms) = preSolution
		Debug|Any CPU = Debug|Any CPU
		Release|Any CPU = Release|Any CPU
	EndGlobalSection
	GlobalSection(ProjectConfigurationPlatforms) = postSolution
		{724759AB-A102-4B20-95F1-BEC95A90C544}.Debug|Any CPU.ActiveCfg = Debug|Any CPU
		{724759AB-A102-4B20-95F1-BEC95A90C544}.Debug|Any CPU.Build.0 = Debug|Any CPU
		{724759AB-A102-4B20-95F1-BEC95A90C544}.Release|Any CPU.ActiveCfg = Release|Any CPU
		{724759AB-A102-4B20-95F1-BEC95A90C544}.Release|Any CPU.Build.0 = Release|Any CPU
		{35406193-AF8B-4748-8218-B33B7F771347}.Debug|Any CPU.ActiveCfg = Debug|Any CPU
		{35406193-AF8B-4748-8218-B33B7F771347}.Debug|Any CPU.Build.0 = Debug|Any CPU
		{35406193-AF8B-4748-8218-B33B7F771347}.Release|Any CPU.ActiveCfg = Release|Any CPU
		{35406193-AF8B-4748-8218-B33B7F771347}.Release|Any CPU.Build.0 = Release|Any CPU
	EndGlobalSection
	GlobalSection(SolutionProperties) = preSolution
		HideSolutionNode = FALSE
	EndGlobalSection
EndGlobal
